<?xml version="1.0" encoding="utf-8"?>
<Project ToolsVersion="4.0" xmlns="http://schemas.microsoft.com/developer/msbuild/2003">
  <ItemGroup>
    <Filter Include="Source Files">
      <UniqueIdentifier>{4FC737F1-C7A5-4376-A066-2A32D752A2FF}</UniqueIdentifier>
      <Extensions>cpp;c;cc;cxx;def;odl;idl;hpj;bat;asm;asmx</Extensions>
    </Filter>
    <Filter Include="Header Files">
      <UniqueIdentifier>{93995380-89BD-4b04-88EB-625FBE52EBFB}</UniqueIdentifier>
      <Extensions>h;hh;hpp;hxx;hm;inl;inc;xsd</Extensions>
    </Filter>
    <Filter Include="Resource Files">
      <UniqueIdentifier>{67DA6AB6-F800-4c08-8B7A-83BB121AAD01}</UniqueIdentifier>
      <Extensions>rc;ico;cur;bmp;dlg;rc2;rct;bin;rgs;gif;jpg;jpeg;jpe;resx;tiff;tif;png;wav;mfcribbon-ms</Extensions>
    </Filter>
  </ItemGroup>
  <ItemGroup>
    <ClCompile Include="Global\Settings.cpp">
      <Filter>Source Files</Filter>
    </ClCompile>
    <ClCompile Include="Renderer\ShaderLoader.cpp">
      <Filter>Source Files</Filter>
    </ClCompile>
    <ClCompile Include="Renderer\ShaderProgram.cpp">
      <Filter>Source Files</Filter>
    </ClCompile>
    <ClCompile Include="Renderer\Renderer.cpp">
      <Filter>Source Files</Filter>
    </ClCompile>
    <ClCompile Include="Global\Log.cpp">
      <Filter>Source Files</Filter>
    </ClCompile>
    <ClCompile Include="Handler.cpp">
      <Filter>Source Files</Filter>
    </ClCompile>
    <ClCompile Include="Simulation\PhysicsManager.cpp">
      <Filter>Source Files</Filter>
    </ClCompile>
    <ClCompile Include="Input\GamePad.cpp">
      <Filter>Source Files</Filter>
    </ClCompile>
    <ClCompile Include="Input\Input.cpp">
      <Filter>Source Files</Filter>
    </ClCompile>
    <ClCompile Include="Objects\ObjectUpdaters\ObjectPositionUpdater.cpp">
      <Filter>Source Files</Filter>
    </ClCompile>
    <ClCompile Include="Objects\ObjectUpdaters\ObjectRotationUpdater.cpp">
      <Filter>Source Files</Filter>
    </ClCompile>
    <ClCompile Include="Objects\ObjectUpdaters\ObjectUpdater.cpp">
      <Filter>Source Files</Filter>
    </ClCompile>
    <ClCompile Include="Objects\ObjectUpdaters\ObjectUpdaterParallel.cpp">
      <Filter>Source Files</Filter>
    </ClCompile>
    <ClCompile Include="Objects\ObjectUpdaters\ObjectUpdaterSequence.cpp">
      <Filter>Source Files</Filter>
    </ClCompile>
    <ClCompile Include="Audio\Audio.cpp">
      <Filter>Source Files</Filter>
    </ClCompile>
    <ClCompile Include="Simulation\GameSimulation.cpp">
      <Filter>Source Files</Filter>
    </ClCompile>
    <ClCompile Include="Objects\Camera.cpp">
      <Filter>Source Files</Filter>
    </ClCompile>
    <ClCompile Include="Objects\Model.cpp">
      <Filter>Source Files</Filter>
    </ClCompile>
    <ClCompile Include="Objects\Mesh.cpp">
      <Filter>Source Files</Filter>
    </ClCompile>
    <ClCompile Include="Objects\Object.cpp">
      <Filter>Source Files</Filter>
    </ClCompile>
    <ClCompile Include="Objects\Texture.cpp">
      <Filter>Source Files</Filter>
    </ClCompile>
    <ClCompile Include="Objects\ObjectLoaders\ObjModelLoader.cpp">
      <Filter>Source Files</Filter>
    </ClCompile>
    <ClCompile Include="Scene Manager\Scene.cpp">
      <Filter>Source Files</Filter>
    </ClCompile>
    <ClCompile Include="Game Logic\PlayerControllable.cpp">
      <Filter>Source Files</Filter>
    </ClCompile>
    <ClCompile Include="Game Logic\Controllable.cpp">
      <Filter>Source Files</Filter>
    </ClCompile>
    <ClCompile Include="ParticleSystem\ParticleData.cpp">
      <Filter>Source Files</Filter>
    </ClCompile>
    <ClCompile Include="Scene Manager\StackManager.cpp">
      <Filter>Source Files</Filter>
    </ClCompile>
    <ClCompile Include="Simulation\World.cpp">
      <Filter>Source Files</Filter>
    </ClCompile>
    <ClCompile Include="Objects\ObjectCreators\SnippetVehicleRaycast.cpp">
      <Filter>Source Files</Filter>
    </ClCompile>
    <ClCompile Include="Global\Assets.cpp">
      <Filter>Source Files</Filter>
    </ClCompile>
    <ClCompile Include="Objects\BoundingBox.cpp">
      <Filter>Source Files</Filter>
    </ClCompile>
    <ClCompile Include="Simulation\LoadingScreen.cpp">
      <Filter>Source Files</Filter>
    </ClCompile>
    <ClCompile Include="Global\Fonts.cpp">
      <Filter>Source Files</Filter>
    </ClCompile>
    <ClCompile Include="Files\FIleHandlingHelpers.cpp">
      <Filter>Source Files</Filter>
    </ClCompile>
    <ClCompile Include="Objects\ObjectCreators\VehicleCreator.cpp">
      <Filter>Source Files</Filter>
    </ClCompile>
    <ClCompile Include="Objects\ObjectCreators\PhysicsObjectCreator.cpp">
      <Filter>Source Files</Filter>
    </ClCompile>
    <ClCompile Include="Simulation\GameSimulationDefinitions.cpp">
      <Filter>Source Files</Filter>
    </ClCompile>
    <ClCompile Include="Objects\Cars\MeowMix.cpp">
      <Filter>Source Files</Filter>
    </ClCompile>
    <ClCompile Include="Objects\Cars\Car.cpp">
      <Filter>Source Files</Filter>
    </ClCompile>
    <ClCompile Include="Objects\TestObject.cpp">
      <Filter>Source Files</Filter>
    </ClCompile>
    <ClCompile Include="Renderer\Renderable.cpp">
      <Filter>Source Files</Filter>
    </ClCompile>
    <ClCompile Include="Factory\GameFactory.cpp">
      <Filter>Source Files</Filter>
    </ClCompile>
    <ClCompile Include="Renderer\Renderable.cpp">
      <Filter>Source Files</Filter>
    </ClCompile>
    <ClCompile Include="Simulation\CollisionManager.cpp">
      <Filter>Source Files</Filter>
    </ClCompile>
    <ClCompile Include="Objects\Bullet.cpp">
      <Filter>Source Files</Filter>
    </ClCompile>
    <ClCompile Include="Objects\MeowMixBullet.cpp">
      <Filter>Source Files</Filter>
    </ClCompile>
    <ClCompile Include="Objects\GaugeBar.cpp">
      <Filter>Source Files</Filter>
    </ClCompile>
    <ClCompile Include="Objects\HealthBar2D.cpp">
      <Filter>Source Files</Filter>
    </ClCompile>
    <ClCompile Include="Renderer\NoShaderProgram.cpp">
      <Filter>Source Files</Filter>
    </ClCompile>
    <ClCompile Include="Renderer\CellShaderProgram.cpp">
      <Filter>Source Files</Filter>
    </ClCompile>
    <ClCompile Include="Objects\Text2D.cpp">
      <Filter>Source Files</Filter>
    </ClCompile>
    <ClCompile Include="Objects\VolcanoGuySuperBullet.cpp">
      <Filter>Source Files</Filter>
    </ClCompile>
    <ClCompile Include="Game Logic\AIControllable.cpp">
      <Filter>Source Files</Filter>
    </ClCompile>
    <ClCompile Include="Game Logic\WayPointSystem.cpp">
      <Filter>Source Files</Filter>
    </ClCompile>
    <ClCompile Include="Objects\Waypoint.cpp">
      <Filter>Source Files</Filter>
    </ClCompile>
    <ClCompile Include="Game Logic\SearchWaypoint.cpp">
      <Filter>Source Files</Filter>
    </ClCompile>
    <ClCompile Include="Game Logic\PathFinding.cpp">
      <Filter>Source Files</Filter>
    </ClCompile>
    <ClCompile Include="Game Logic\AIControllable.cpp">
      <Filter>Source Files</Filter>
    </ClCompile>
    <ClCompile Include="Objects\Track.cpp">
      <Filter>Source Files</Filter>
    </ClCompile>
    <ClCompile Include="Objects\BulletCarCollision.cpp">
      <Filter>Source Files</Filter>
    </ClCompile>
    <ClCompile Include="Objects\UI.cpp">
      <Filter>Source Files</Filter>
    </ClCompile>
    <ClCompile Include="Objects\LoadingBar.cpp">
      <Filter>Source Files</Filter>
    </ClCompile>
    <ClCompile Include="Objects\Text3D.cpp">
      <Filter>Source Files</Filter>
    </ClCompile>
    <ClCompile Include="Objects\CollisionVolume.cpp">
      <Filter>Source Files</Filter>
    </ClCompile>
    <ClCompile Include="Objects\PowerUp.cpp">
      <Filter>Source Files</Filter>
    </ClCompile>
    <ClCompile Include="Renderer\Renderable3D.cpp">
      <Filter>Source Files</Filter>
    </ClCompile>
    <ClCompile Include="Renderer\Renderable2D.cpp">
      <Filter>Source Files</Filter>
    </ClCompile>
    <ClCompile Include="Objects\Object3D.cpp">
      <Filter>Source Files</Filter>
    </ClCompile>
    <ClCompile Include="Objects\Object2D.cpp">
      <Filter>Source Files</Filter>
    </ClCompile>
    <ClCompile Include="Objects\Model2D.cpp">
      <Filter>Source Files</Filter>
    </ClCompile>
    <ClCompile Include="Objects\Model3D.cpp">
      <Filter>Source Files</Filter>
    </ClCompile>
    <ClCompile Include="Objects\ObjectUpdaters\ObjectScaleUpdater.cpp">
      <Filter>Source Files</Filter>
    </ClCompile>
    <ClCompile Include="Audio\MusicManager.cpp">
      <Filter>Source Files</Filter>
    </ClCompile>
    <ClCompile Include="Objects\TexturedObject2D.cpp">
      <Filter>Source Files</Filter>
    </ClCompile>
    <ClCompile Include="Objects\MapUI.cpp">
      <Filter>Source Files</Filter>
    </ClCompile>
    <ClCompile Include="Simulation\MainMenu.cpp">
      <Filter>Source Files</Filter>
    </ClCompile>
    <ClCompile Include="Simulation\SinglePlayerMenu.cpp">
      <Filter>Source Files</Filter>
    </ClCompile>
    <ClCompile Include="Objects\Cars\ExplosivelyDelicious.cpp">
      <Filter>Source Files</Filter>
    </ClCompile>
    <ClCompile Include="Game Logic\PositionManager.cpp">
      <Filter>Source Files</Filter>
    </ClCompile>
    <ClCompile Include="Objects\ScoreTable.cpp">
      <Filter>Source Files</Filter>
    </ClCompile>
    <ClCompile Include="Simulation\PauseMenu.cpp">
      <Filter>Source Files</Filter>
    </ClCompile>
    <ClCompile Include="Simulation\MultiPlayerMenu.cpp">
      <Filter>Source Files</Filter>
    </ClCompile>
    <ClCompile Include="Objects\Cars\DrivingStyleExplosivelyDelicious.cpp">
      <Filter>Source Files</Filter>
    </ClCompile>
    <ClCompile Include="Objects\Cars\Gargantulous.cpp">
      <Filter>Source Files</Filter>
    </ClCompile>
    <ClCompile Include="Objects\Cars\DrivingStyleGargantulous.cpp">
      <Filter>Source Files</Filter>
    </ClCompile>
    <ClCompile Include="Objects\VehicleSpecifications.cpp">
      <Filter>Source Files</Filter>
    </ClCompile>
    <ClCompile Include="Objects\VehicleSpecificationsMeowMix.cpp">
      <Filter>Source Files</Filter>
    </ClCompile>
    <ClCompile Include="Renderer\CellTireShaderProgram.cpp">
      <Filter>Source Files</Filter>
    </ClCompile>
    <ClCompile Include="Objects\Cars\DrivingStyle.cpp">
      <Filter>Source Files</Filter>
    </ClCompile>
    <ClCompile Include="Objects\Cars\DrivingStyleMeowmix.cpp">
      <Filter>Source Files</Filter>
    </ClCompile>
    <ClCompile Include="Objects\UIScoreTable.cpp">
      <Filter>Source Files</Filter>
    </ClCompile>
    <ClCompile Include="Simulation\EndingScene.cpp">
      <Filter>Source Files</Filter>
    </ClCompile>
    <ClCompile Include="Objects\EndingScreenCarInfoManager.cpp">
      <Filter>Source Files</Filter>
    </ClCompile>
    <ClCompile Include="Objects\EndingScreenUIScoreTable.cpp">
      <Filter>Source Files</Filter>
    </ClCompile>
  </ItemGroup>
  <ItemGroup>
    <ClInclude Include="Global\Settings.h">
      <Filter>Header Files</Filter>
    </ClInclude>
    <ClInclude Include="Renderer\ShaderLoader.h">
      <Filter>Header Files</Filter>
    </ClInclude>
    <ClInclude Include="Renderer\ShaderProgram.h">
      <Filter>Header Files</Filter>
    </ClInclude>
    <ClInclude Include="Renderer\Renderer.h">
      <Filter>Header Files</Filter>
    </ClInclude>
    <ClInclude Include="Global\Log.h">
      <Filter>Header Files</Filter>
    </ClInclude>
    <ClInclude Include="Input\Input.h">
      <Filter>Header Files</Filter>
    </ClInclude>
    <ClInclude Include="Audio\Audio.h">
      <Filter>Header Files</Filter>
    </ClInclude>
    <ClInclude Include="Simulation\PhysicsManager.h">
      <Filter>Header Files</Filter>
    </ClInclude>
    <ClInclude Include="Input\GamePad.h">
      <Filter>Header Files</Filter>
    </ClInclude>
    <ClInclude Include="Objects\ObjectUpdaters\ObjectPositionUpdater.h">
      <Filter>Header Files</Filter>
    </ClInclude>
    <ClInclude Include="Objects\ObjectUpdaters\ObjectRotationUpdater.h">
      <Filter>Header Files</Filter>
    </ClInclude>
    <ClInclude Include="Objects\ObjectUpdaters\ObjectUpdater.h">
      <Filter>Header Files</Filter>
    </ClInclude>
    <ClInclude Include="Objects\ObjectUpdaters\ObjectUpdaterParallel.h">
      <Filter>Header Files</Filter>
    </ClInclude>
    <ClInclude Include="Objects\ObjectUpdaters\ObjectUpdaterSequence.h">
      <Filter>Header Files</Filter>
    </ClInclude>
    <ClInclude Include="Simulation\GameSimulation.h">
      <Filter>Header Files</Filter>
    </ClInclude>
    <ClInclude Include="Objects\Camera.h">
      <Filter>Header Files</Filter>
    </ClInclude>
    <ClInclude Include="Libraries\stb_image.h">
      <Filter>Header Files</Filter>
    </ClInclude>
    <ClInclude Include="Objects\Model.h">
      <Filter>Header Files</Filter>
    </ClInclude>
    <ClInclude Include="Objects\Mesh.h">
      <Filter>Header Files</Filter>
    </ClInclude>
    <ClInclude Include="Objects\Object.h">
      <Filter>Header Files</Filter>
    </ClInclude>
    <ClInclude Include="Objects\Texture.h">
      <Filter>Header Files</Filter>
    </ClInclude>
    <ClInclude Include="Objects\ObjectLoaders\ObjModelLoader.h">
      <Filter>Header Files</Filter>
    </ClInclude>
    <ClInclude Include="Renderer\Renderable.h">
      <Filter>Header Files</Filter>
    </ClInclude>
    <ClInclude Include="Scene Manager\Scene.h">
      <Filter>Header Files</Filter>
    </ClInclude>
    <ClInclude Include="Game Logic\PlayerControllable.h">
      <Filter>Header Files</Filter>
    </ClInclude>
    <ClInclude Include="Game Logic\Controllable.h">
      <Filter>Header Files</Filter>
    </ClInclude>
    <ClInclude Include="Game Logic\Projectile.h">
      <Filter>Header Files</Filter>
    </ClInclude>
    <ClInclude Include="ParticleSystem\ParticleData.h">
      <Filter>Header Files</Filter>
    </ClInclude>
    <ClInclude Include="ParticleSystem\ParticleEmitter.h">
      <Filter>Header Files</Filter>
    </ClInclude>
    <ClInclude Include="Scene Manager\StackManager.h">
      <Filter>Header Files</Filter>
    </ClInclude>
    <ClInclude Include="Simulation\World.h">
      <Filter>Header Files</Filter>
    </ClInclude>
    <ClInclude Include="Objects\ObjectCreators\SnippetVehicleRaycast.h">
      <Filter>Header Files</Filter>
    </ClInclude>
    <ClInclude Include="Game Logic\WayPointSystem.h">
      <Filter>Header Files</Filter>
    </ClInclude>
    <ClInclude Include="Global\Assets.h">
      <Filter>Header Files</Filter>
    </ClInclude>
    <ClInclude Include="Libraries\tinydir\tinydir.h">
      <Filter>Header Files</Filter>
    </ClInclude>
    <ClInclude Include="Objects\BoundingBox.h">
      <Filter>Header Files</Filter>
    </ClInclude>
    <ClInclude Include="Simulation\GameSimulationDefinitions.h">
      <Filter>Header Files</Filter>
    </ClInclude>
    <ClInclude Include="Simulation\LoadingScreen.h">
      <Filter>Header Files</Filter>
    </ClInclude>
    <ClInclude Include="Global\Fonts.h">
      <Filter>Header Files</Filter>
    </ClInclude>
    <ClInclude Include="Files\FIleHandlingHelpers.h">
      <Filter>Header Files</Filter>
    </ClInclude>
    <ClInclude Include="Factory\AudioFactory.h">
      <Filter>Header Files</Filter>
    </ClInclude>
    <ClInclude Include="Factory\RenderFactory.h">
      <Filter>Header Files</Filter>
    </ClInclude>
    <ClInclude Include="Factory\PhysicsFactory.h">
      <Filter>Header Files</Filter>
    </ClInclude>
    <ClInclude Include="Factory\GameFactory.h">
      <Filter>Header Files</Filter>
    </ClInclude>
    <ClInclude Include="Audio\Sound.h">
      <Filter>Header Files</Filter>
    </ClInclude>
    <ClInclude Include="Objects\Cars\MeowMix.h">
      <Filter>Header Files</Filter>
    </ClInclude>
    <ClInclude Include="Objects\Cars\Car.h">
      <Filter>Header Files</Filter>
    </ClInclude>
    <ClInclude Include="Objects\ObjectCreators\VehicleCreator.h">
      <Filter>Header Files</Filter>
    </ClInclude>
    <ClInclude Include="Objects\ObjectCreators\PhysicsObjectCreator.h">
      <Filter>Header Files</Filter>
    </ClInclude>
    <ClInclude Include="Objects\TestObject.h">
      <Filter>Header Files</Filter>
    </ClInclude>
    <ClInclude Include="Objects\Animatable.h">
      <Filter>Header Files</Filter>
    </ClInclude>
    <ClInclude Include="Objects\Physicable.h">
      <Filter>Header Files</Filter>
    </ClInclude>
    <ClInclude Include="Game Logic\ControllableTemplate.h">
      <Filter>Header Files</Filter>
    </ClInclude>
    <ClInclude Include="Game Logic\AIControllable.h">
      <Filter>Header Files</Filter>
    </ClInclude>
    <ClInclude Include="Simulation\CollisionManager.h">
      <Filter>Header Files</Filter>
    </ClInclude>
    <ClInclude Include="Objects\Bullet.h">
      <Filter>Header Files</Filter>
    </ClInclude>
    <ClInclude Include="Objects\Track.h">
      <Filter>Header Files</Filter>
    </ClInclude>
    <ClInclude Include="Objects\Weapons\HasWeapons.h">
      <Filter>Header Files</Filter>
    </ClInclude>
    <ClInclude Include="Objects\MeowMixBullet.h">
      <Filter>Header Files</Filter>
    </ClInclude>
    <ClInclude Include="Objects\GaugeBar.h">
      <Filter>Header Files</Filter>
    </ClInclude>
    <ClInclude Include="Objects\HealthBar2D.h">
      <Filter>Header Files</Filter>
    </ClInclude>
    <ClInclude Include="Renderer\NoShaderProgram.h">
      <Filter>Header Files</Filter>
    </ClInclude>
    <ClInclude Include="Renderer\CellShaderProgram.h">
      <Filter>Header Files</Filter>
    </ClInclude>
    <ClInclude Include="Objects\Text2D.h">
      <Filter>Header Files</Filter>
    </ClInclude>
    <ClInclude Include="Objects\VolcanoGuySuperBullet.h">
      <Filter>Header Files</Filter>
    </ClInclude>
    <ClInclude Include="Objects\Audioable.h">
      <Filter>Header Files</Filter>
    </ClInclude>
    <ClInclude Include="Objects\Waypoint.h">
      <Filter>Header Files</Filter>
    </ClInclude>
    <ClInclude Include="Game Logic\SearchWaypoint.h">
      <Filter>Header Files</Filter>
    </ClInclude>
    <ClInclude Include="Game Logic\PathFinding.h">
      <Filter>Header Files</Filter>
    </ClInclude>
    <ClInclude Include="Objects\BulletCarCollision.h">
      <Filter>Header Files</Filter>
    </ClInclude>
    <ClInclude Include="Objects\UI.h">
      <Filter>Header Files</Filter>
    </ClInclude>
    <ClInclude Include="Objects\LoadingBar.h">
      <Filter>Header Files</Filter>
    </ClInclude>
    <ClInclude Include="Objects\DisplayMessage.h">
      <Filter>Header Files</Filter>
    </ClInclude>
    <ClInclude Include="Objects\Text3D.h">
      <Filter>Header Files</Filter>
    </ClInclude>
    <ClInclude Include="Objects\CollisionVolume.h">
      <Filter>Header Files</Filter>
    </ClInclude>
    <ClInclude Include="Settings.h">
      <Filter>Header Files</Filter>
    </ClInclude>
    <ClInclude Include="Objects\PowerUp.h">
      <Filter>Header Files</Filter>
    </ClInclude>
    <ClInclude Include="Renderer\Renderable3D.h">
      <Filter>Header Files</Filter>
    </ClInclude>
    <ClInclude Include="Renderer\Renderable2D.h">
      <Filter>Header Files</Filter>
    </ClInclude>
    <ClInclude Include="Objects\Object3D.h">
      <Filter>Header Files</Filter>
    </ClInclude>
    <ClInclude Include="Objects\Object2D.h">
      <Filter>Header Files</Filter>
    </ClInclude>
    <ClInclude Include="Objects\Model2D.h">
      <Filter>Header Files</Filter>
    </ClInclude>
    <ClInclude Include="Objects\Model3D.h">
      <Filter>Header Files</Filter>
    </ClInclude>
    <ClInclude Include="Objects\ObjectUpdaters\ObjectScaleUpdater.h">
      <Filter>Header Files</Filter>
    </ClInclude>
    <ClInclude Include="Objects\PowerUpShield.h">
      <Filter>Header Files</Filter>
    </ClInclude>
    <ClInclude Include="Objects\PowerUpSpeed.h">
      <Filter>Header Files</Filter>
    </ClInclude>
    <ClInclude Include="Objects\PowerUpVolume.h">
      <Filter>Header Files</Filter>
    </ClInclude>
    <ClInclude Include="Audio\MusicManager.h">
      <Filter>Header Files</Filter>
    </ClInclude>
    <ClInclude Include="Objects\TexturedObject2D.h">
      <Filter>Header Files</Filter>
    </ClInclude>
    <ClInclude Include="Objects\MapUI.h">
      <Filter>Header Files</Filter>
    </ClInclude>
    <ClInclude Include="Simulation\MainMenu.h">
      <Filter>Header Files</Filter>
    </ClInclude>
    <ClInclude Include="Factory\AnimationFactory.h">
      <Filter>Header Files</Filter>
    </ClInclude>
    <ClInclude Include="Simulation\SinglePlayerMenu.h">
      <Filter>Header Files</Filter>
    </ClInclude>
    <ClInclude Include="Objects\Particle.h">
      <Filter>Header Files</Filter>
    </ClInclude>
    <ClInclude Include="Objects\AnimatedModel.h">
      <Filter>Header Files</Filter>
    </ClInclude>
    <ClInclude Include="Objects\AnimatedExplosion.h">
      <Filter>Header Files</Filter>
    </ClInclude>
    <ClInclude Include="Objects\MainMenuSystem.h">
      <Filter>Header Files</Filter>
    </ClInclude>
    <ClInclude Include="Objects\MenuSystem.h">
      <Filter>Header Files</Filter>
    </ClInclude>
    <ClInclude Include="Game Logic\WaypointDefinitions.h">
      <Filter>Header Files</Filter>
    </ClInclude>
    <ClInclude Include="Objects\PowerUpAttack.h">
      <Filter>Header Files</Filter>
    </ClInclude>
    <ClInclude Include="Objects\Cars\ExplosivelyDelicious.h">
      <Filter>Header Files</Filter>
    </ClInclude>
    <ClInclude Include="Objects\ExplosivelyDeliciousBullet.h">
      <Filter>Header Files</Filter>
    </ClInclude>
    <ClInclude Include="Objects\ExplosivelyDeliciousSuper.h">
      <Filter>Header Files</Filter>
    </ClInclude>
    <ClInclude Include="Objects\MeowMixSuper.h">
      <Filter>Header Files</Filter>
    </ClInclude>
    <ClInclude Include="Game Logic\WaypointDefinitions.h">
      <Filter>Header Files</Filter>
    </ClInclude>
    <ClInclude Include="Game Logic\PositionManager.h">
      <Filter>Header Files</Filter>
    </ClInclude>
    <ClInclude Include="Objects\GargantulousSuper.h">
      <Filter>Header Files</Filter>
    </ClInclude>
    <ClInclude Include="Objects\HomingBullet.h">
      <Filter>Header Files</Filter>
    </ClInclude>
    <ClInclude Include="Global\Definitions.h">
      <Filter>Header Files</Filter>
    </ClInclude>
    <ClInclude Include="Objects\ScoreTable.h">
      <Filter>Header Files</Filter>
    </ClInclude>
    <ClInclude Include="Simulation\PauseMenu.h">
      <Filter>Header Files</Filter>
    </ClInclude>
    <ClInclude Include="Simulation\MultiPlayerMenu.h">
      <Filter>Header Files</Filter>
    </ClInclude>
    <ClInclude Include="Objects\Cars\DrivingStyleExplosivelyDelicious.h">
      <Filter>Header Files</Filter>
    </ClInclude>
    <ClInclude Include="Objects\Cars\Gargantulous.h">
      <Filter>Header Files</Filter>
    </ClInclude>
    <ClInclude Include="Objects\Cars\DrivingStyleGargantulous.h">
      <Filter>Header Files</Filter>
    </ClInclude>
    <ClInclude Include="Objects\VehicleSpecifications.h">
      <Filter>Header Files</Filter>
    </ClInclude>
    <ClInclude Include="Objects\VehicleSpecificationsMeowMix.h">
      <Filter>Header Files</Filter>
    </ClInclude>
    <ClInclude Include="Renderer\CellTireShaderProgram.h">
      <Filter>Header Files</Filter>
    </ClInclude>
    <ClInclude Include="Objects\Cars\DrivingStyle.h">
      <Filter>Header Files</Filter>
    </ClInclude>
    <ClInclude Include="Objects\Cars\DrivingStyleMeowMix.h">
      <Filter>Header Files</Filter>
    </ClInclude>
    <ClInclude Include="Objects\UIScoreTable.h">
      <Filter>Header Files</Filter>
    </ClInclude>
    <ClInclude Include="Objects\GargantulousBullet.h">
      <Filter>Header Files</Filter>
    </ClInclude>
    <ClInclude Include="Simulation\EndingScene.h">
      <Filter>Header Files</Filter>
    </ClInclude>
    <ClInclude Include="Objects\EndingScreenCarInfoManager.h">
      <Filter>Header Files</Filter>
    </ClInclude>
    <ClInclude Include="Objects\EndingScreenUIScoreTable.h">
      <Filter>Header Files</Filter>
    </ClInclude>
    <ClInclude Include="Objects\Header.h">
      <Filter>Header Files</Filter>
    </ClInclude>
    <ClInclude Include="Objects\TrainCar.h">
      <Filter>Header Files</Filter>
    </ClInclude>
  </ItemGroup>
  <ItemGroup>
    <Text Include="Files\test.txt" />
    <Text Include="Audio\MusicLibrary.txt" />
  </ItemGroup>
  <ItemGroup>
    <Image Include="Assets\Useless\asphalt_texture409.jpg">
      <Filter>Resource Files</Filter>
    </Image>
    <Image Include="Assets\Useless\Building_texture4.jpg">
      <Filter>Resource Files</Filter>
    </Image>
    <Image Include="Assets\Models\Day_Skybox.png">
      <Filter>Resource Files</Filter>
    </Image>
  </ItemGroup>
  <ItemGroup>
    <Image Include="Assets\Models\lava rock.jpg">
      <Filter>Resource Files</Filter>
    </Image>
    <Image Include="Assets\Models\lavaRocks.png">
      <Filter>Resource Files</Filter>
    </Image>
    <Image Include="Assets\Models\Skirt.png">
      <Filter>Resource Files</Filter>
    </Image>
    <Image Include="Assets\Models\Staff.png">
      <Filter>Resource Files</Filter>
    </Image>
    <Image Include="Assets\Useless\Terrain-Road.jpg">
      <Filter>Resource Files</Filter>
    </Image>
    <Image Include="Assets\Models\TikiTest.png">
      <Filter>Resource Files</Filter>
    </Image>
    <Image Include="Assets\Models\DeathEye.png">
      <Filter>Resource Files</Filter>
    </Image>
    <Image Include="Assets\Models\Panel.jpg">
      <Filter>Resource Files</Filter>
    </Image>
    <Image Include="Assets\Models\Chest paint Lava.png">
      <Filter>Resource Files</Filter>
    </Image>
    <Image Include="Assets\Models\MaskLava.png">
      <Filter>Resource Files</Filter>
    </Image>
    <Image Include="Assets\Models\TikiTestLava.png">
      <Filter>Resource Files</Filter>
    </Image>
  </ItemGroup>
</Project>