<?xml version="1.0" encoding="utf-8"?>
<Project ToolsVersion="4.0" xmlns="http://schemas.microsoft.com/developer/msbuild/2003">
  <ItemGroup>
    <Filter Include="Source Files">
      <UniqueIdentifier>{4FC737F1-C7A5-4376-A066-2A32D752A2FF}</UniqueIdentifier>
      <Extensions>cpp;c;cc;cxx;def;odl;idl;hpj;bat;asm;asmx</Extensions>
    </Filter>
    <Filter Include="Header Files">
      <UniqueIdentifier>{93995380-89BD-4b04-88EB-625FBE52EBFB}</UniqueIdentifier>
      <Extensions>h;hh;hpp;hxx;hm;inl;inc;xsd</Extensions>
    </Filter>
    <Filter Include="Resource Files">
      <UniqueIdentifier>{67DA6AB6-F800-4c08-8B7A-83BB121AAD01}</UniqueIdentifier>
      <Extensions>rc;ico;cur;bmp;dlg;rc2;rct;bin;rgs;gif;jpg;jpeg;jpe;resx;tiff;tif;png;wav;mfcribbon-ms</Extensions>
    </Filter>
  </ItemGroup>
  <ItemGroup>
    <ClCompile Include="Global\Settings.cpp">
      <Filter>Source Files</Filter>
    </ClCompile>
    <ClCompile Include="Renderer\ShaderLoader.cpp">
      <Filter>Source Files</Filter>
    </ClCompile>
    <ClCompile Include="Renderer\ShaderProgram.cpp">
      <Filter>Source Files</Filter>
    </ClCompile>
    <ClCompile Include="Renderer\Renderer.cpp">
      <Filter>Source Files</Filter>
    </ClCompile>
    <ClCompile Include="Global\Log.cpp">
      <Filter>Source Files</Filter>
    </ClCompile>
    <ClCompile Include="Handler.cpp">
      <Filter>Source Files</Filter>
    </ClCompile>
    <ClCompile Include="Simulation\PhysicsManager.cpp">
      <Filter>Source Files</Filter>
    </ClCompile>
    <ClCompile Include="Input\GamePad.cpp">
      <Filter>Source Files</Filter>
    </ClCompile>
    <ClCompile Include="Input\Input.cpp">
      <Filter>Source Files</Filter>
    </ClCompile>
    <ClCompile Include="Objects\ObjectUpdaters\ObjectPositionUpdater.cpp">
      <Filter>Source Files</Filter>
    </ClCompile>
    <ClCompile Include="Objects\ObjectUpdaters\ObjectRotationUpdater.cpp">
      <Filter>Source Files</Filter>
    </ClCompile>
    <ClCompile Include="Objects\ObjectUpdaters\ObjectUpdater.cpp">
      <Filter>Source Files</Filter>
    </ClCompile>
    <ClCompile Include="Objects\ObjectUpdaters\ObjectUpdaterParallel.cpp">
      <Filter>Source Files</Filter>
    </ClCompile>
    <ClCompile Include="Objects\ObjectUpdaters\ObjectUpdaterSequence.cpp">
      <Filter>Source Files</Filter>
    </ClCompile>
    <ClCompile Include="Audio\Audio.cpp">
      <Filter>Source Files</Filter>
    </ClCompile>
    <ClCompile Include="Simulation\GameSimulation.cpp">
      <Filter>Source Files</Filter>
    </ClCompile>
    <ClCompile Include="Objects\Camera.cpp">
      <Filter>Source Files</Filter>
    </ClCompile>
    <ClCompile Include="Objects\Model.cpp">
      <Filter>Source Files</Filter>
    </ClCompile>
    <ClCompile Include="Objects\Mesh.cpp">
      <Filter>Source Files</Filter>
    </ClCompile>
    <ClCompile Include="Objects\Object.cpp">
      <Filter>Source Files</Filter>
    </ClCompile>
    <ClCompile Include="Objects\RenderableObject.cpp">
      <Filter>Source Files</Filter>
    </ClCompile>
    <ClCompile Include="Objects\Texture.cpp">
      <Filter>Source Files</Filter>
    </ClCompile>
    <ClCompile Include="Objects\ObjectLoaders\ObjModelLoader.cpp">
      <Filter>Source Files</Filter>
    </ClCompile>
    <ClCompile Include="Scene Manager\Scene.cpp">
      <Filter>Source Files</Filter>
    </ClCompile>
    <ClCompile Include="Game Logic\PlayerControllable.cpp">
      <Filter>Source Files</Filter>
    </ClCompile>
    <ClCompile Include="Game Logic\Controllable.cpp">
      <Filter>Source Files</Filter>
    </ClCompile>
    <ClCompile Include="ParticleSystem\ParticleData.cpp">
      <Filter>Source Files</Filter>
    </ClCompile>
    <ClCompile Include="ParticleSystem\ParticleEmitter.cpp">
      <Filter>Source Files</Filter>
    </ClCompile>
    <ClCompile Include="ParticleSystem\ParticleGenerator.cpp">
      <Filter>Source Files</Filter>
    </ClCompile>
    <ClCompile Include="ParticleSystem\ParticleUpdater.cpp">
      <Filter>Source Files</Filter>
    </ClCompile>
    <ClCompile Include="Scene Manager\StackManager.cpp">
      <Filter>Source Files</Filter>
    </ClCompile>
    <ClCompile Include="Simulation\World.cpp">
      <Filter>Source Files</Filter>
    </ClCompile>
    <ClCompile Include="Objects\ObjectCreators\SnippetVehicleRaycast.cpp">
      <Filter>Source Files</Filter>
    </ClCompile>
    <ClCompile Include="Global\Assets.cpp">
      <Filter>Source Files</Filter>
    </ClCompile>
    <ClCompile Include="Objects\BoundingBox.cpp">
      <Filter>Source Files</Filter>
    </ClCompile>
    <ClCompile Include="Objects\DrivingStyleFast.cpp">
      <Filter>Source Files</Filter>
    </ClCompile>
    <ClCompile Include="Simulation\LoadingScreen.cpp">
      <Filter>Source Files</Filter>
    </ClCompile>
    <ClCompile Include="Global\Fonts.cpp">
      <Filter>Source Files</Filter>
    </ClCompile>
    <ClCompile Include="Objects\LoadingBar.cpp">
      <Filter>Source Files</Filter>
    </ClCompile>
    <ClCompile Include="Files\FIleHandlingHelpers.cpp">
      <Filter>Source Files</Filter>
    </ClCompile>
    <ClCompile Include="Objects\ObjectCreators\VehicleCreator.cpp">
      <Filter>Source Files</Filter>
    </ClCompile>
    <ClCompile Include="Objects\DrivingStyle.cpp">
      <Filter>Source Files</Filter>
    </ClCompile>
    <ClCompile Include="Objects\ObjectCreators\PhysicsObjectCreator.cpp">
      <Filter>Source Files</Filter>
    </ClCompile>
    <ClCompile Include="Simulation\GameSimulationDefinitions.cpp">
      <Filter>Source Files</Filter>
    </ClCompile>
    <ClCompile Include="Objects\Cars\MeowMix.cpp">
      <Filter>Source Files</Filter>
    </ClCompile>
    <ClCompile Include="Objects\Cars\Car.cpp">
      <Filter>Source Files</Filter>
    </ClCompile>
  </ItemGroup>
  <ItemGroup>
    <ClInclude Include="Global\Settings.h">
      <Filter>Header Files</Filter>
    </ClInclude>
    <ClInclude Include="Renderer\ShaderLoader.h">
      <Filter>Header Files</Filter>
    </ClInclude>
    <ClInclude Include="Renderer\ShaderProgram.h">
      <Filter>Header Files</Filter>
    </ClInclude>
    <ClInclude Include="Renderer\Renderer.h">
      <Filter>Header Files</Filter>
    </ClInclude>
    <ClInclude Include="Global\Log.h">
      <Filter>Header Files</Filter>
    </ClInclude>
    <ClInclude Include="Input\Input.h">
      <Filter>Header Files</Filter>
    </ClInclude>
    <ClInclude Include="Audio\Audio.h">
      <Filter>Header Files</Filter>
    </ClInclude>
    <ClInclude Include="Simulation\PhysicsManager.h">
      <Filter>Header Files</Filter>
    </ClInclude>
    <ClInclude Include="Input\GamePad.h">
      <Filter>Header Files</Filter>
    </ClInclude>
    <ClInclude Include="Objects\ObjectUpdaters\ObjectPositionUpdater.h">
      <Filter>Header Files</Filter>
    </ClInclude>
    <ClInclude Include="Objects\ObjectUpdaters\ObjectRotationUpdater.h">
      <Filter>Header Files</Filter>
    </ClInclude>
    <ClInclude Include="Objects\ObjectUpdaters\ObjectUpdater.h">
      <Filter>Header Files</Filter>
    </ClInclude>
    <ClInclude Include="Objects\ObjectUpdaters\ObjectUpdaterParallel.h">
      <Filter>Header Files</Filter>
    </ClInclude>
    <ClInclude Include="Objects\ObjectUpdaters\ObjectUpdaterSequence.h">
      <Filter>Header Files</Filter>
    </ClInclude>
    <ClInclude Include="Simulation\GameSimulation.h">
      <Filter>Header Files</Filter>
    </ClInclude>
    <ClInclude Include="Objects\Camera.h">
      <Filter>Header Files</Filter>
    </ClInclude>
    <ClInclude Include="Libraries\stb_image.h">
      <Filter>Header Files</Filter>
    </ClInclude>
    <ClInclude Include="Objects\Model.h">
      <Filter>Header Files</Filter>
    </ClInclude>
    <ClInclude Include="Objects\Mesh.h">
      <Filter>Header Files</Filter>
    </ClInclude>
    <ClInclude Include="Objects\Object.h">
      <Filter>Header Files</Filter>
    </ClInclude>
    <ClInclude Include="Objects\RenderableObject.h">
      <Filter>Header Files</Filter>
    </ClInclude>
    <ClInclude Include="Objects\Texture.h">
      <Filter>Header Files</Filter>
    </ClInclude>
    <ClInclude Include="Objects\ObjectLoaders\ObjModelLoader.h">
      <Filter>Header Files</Filter>
    </ClInclude>
    <ClInclude Include="Renderer\Renderable.h">
      <Filter>Header Files</Filter>
    </ClInclude>
    <ClInclude Include="Scene Manager\Scene.h">
      <Filter>Header Files</Filter>
    </ClInclude>
    <ClInclude Include="Game Logic\PlayerControllable.h">
      <Filter>Header Files</Filter>
    </ClInclude>
    <ClInclude Include="Game Logic\Controllable.h">
      <Filter>Header Files</Filter>
    </ClInclude>
    <ClInclude Include="Game Logic\PowerUp.h">
      <Filter>Header Files</Filter>
    </ClInclude>
    <ClInclude Include="Game Logic\Projectile.h">
      <Filter>Header Files</Filter>
    </ClInclude>
    <ClInclude Include="ParticleSystem\ParticleUpdater.h">
      <Filter>Header Files</Filter>
    </ClInclude>
    <ClInclude Include="ParticleSystem\ParticleData.h">
      <Filter>Header Files</Filter>
    </ClInclude>
    <ClInclude Include="ParticleSystem\ParticleEmitter.h">
      <Filter>Header Files</Filter>
    </ClInclude>
    <ClInclude Include="ParticleSystem\ParticleGenerator.h">
      <Filter>Header Files</Filter>
    </ClInclude>
    <ClInclude Include="ParticleSystem\ParticleSystem.h">
      <Filter>Header Files</Filter>
    </ClInclude>
    <ClInclude Include="Scene Manager\StackManager.h">
      <Filter>Header Files</Filter>
    </ClInclude>
    <ClInclude Include="Simulation\World.h">
      <Filter>Header Files</Filter>
    </ClInclude>
    <ClInclude Include="Objects\ObjectCreators\SnippetVehicleRaycast.h">
      <Filter>Header Files</Filter>
    </ClInclude>
    <ClInclude Include="Game Logic\WayPointSystem.h">
      <Filter>Header Files</Filter>
    </ClInclude>
    <ClInclude Include="Global\Assets.h">
      <Filter>Header Files</Filter>
    </ClInclude>
    <ClInclude Include="Libraries\tinydir\tinydir.h">
      <Filter>Header Files</Filter>
    </ClInclude>
    <ClInclude Include="Objects\BoundingBox.h">
      <Filter>Header Files</Filter>
    </ClInclude>
    <ClInclude Include="Objects\DrivingStyle.h">
      <Filter>Header Files</Filter>
    </ClInclude>
    <ClInclude Include="Objects\DrivingStyleFast.h">
      <Filter>Header Files</Filter>
    </ClInclude>
    <ClInclude Include="Simulation\GameSimulationDefinitions.h">
      <Filter>Header Files</Filter>
    </ClInclude>
    <ClInclude Include="Simulation\LoadingScreen.h">
      <Filter>Header Files</Filter>
    </ClInclude>
    <ClInclude Include="Global\Fonts.h">
      <Filter>Header Files</Filter>
    </ClInclude>
    <ClInclude Include="Objects\LoadingBar.h">
      <Filter>Header Files</Filter>
    </ClInclude>
    <ClInclude Include="Files\FIleHandlingHelpers.h">
      <Filter>Header Files</Filter>
    </ClInclude>
    <ClInclude Include="Factory\AudioFactory.h">
      <Filter>Header Files</Filter>
    </ClInclude>
    <ClInclude Include="Factory\RenderFactory.h">
      <Filter>Header Files</Filter>
    </ClInclude>
    <ClInclude Include="Factory\PhysicsFactory.h">
      <Filter>Header Files</Filter>
    </ClInclude>
    <ClInclude Include="Factory\GameFactory.h">
      <Filter>Header Files</Filter>
    </ClInclude>
    <ClInclude Include="Audio\Sound.h">
      <Filter>Header Files</Filter>
    </ClInclude>
    <ClInclude Include="Objects\Weapons\HasWeapons.h">
      <Filter>Header Files</Filter>
    </ClInclude>
    <ClInclude Include="Objects\Cars\MeowMix.h">
      <Filter>Header Files</Filter>
    </ClInclude>
    <ClInclude Include="Objects\Cars\Car.h">
      <Filter>Header Files</Filter>
    </ClInclude>
    <ClInclude Include="Objects\ObjectCreators\VehicleCreator.h">
      <Filter>Header Files</Filter>
    </ClInclude>
    <ClInclude Include="Objects\ObjectCreators\PhysicsObjectCreator.h">
      <Filter>Header Files</Filter>
    </ClInclude>
    <ClInclude Include="Game Logic\ControllableTemplate.h">
      <Filter>Header Files</Filter>
    </ClInclude>
    <ClInclude Include="Game Logic\AIControllable.h">
      <Filter>Header Files</Filter>
    </ClInclude>
    <ClInclude Include="Objects\Track.h">
      <Filter>Header Files</Filter>
    </ClInclude>
  </ItemGroup>
</Project>